// !$*UTF8*$!
{
	archiveVersion = 1;
	classes = {
	};
	objectVersion = 46;
	objects = {

/* Begin PBXBuildFile section */
		3185E1AA1B6E1BD000A2220E /* main.m in Sources */ = {isa = PBXBuildFile; fileRef = 3185E1A91B6E1BD000A2220E /* main.m */; };
		3185E1AD1B6E1BD000A2220E /* AppDelegate.m in Sources */ = {isa = PBXBuildFile; fileRef = 3185E1AC1B6E1BD000A2220E /* AppDelegate.m */; };
		3185E1B01B6E1BD000A2220E /* MasterViewController.m in Sources */ = {isa = PBXBuildFile; fileRef = 3185E1AF1B6E1BD000A2220E /* MasterViewController.m */; };
		3185E1B61B6E1BD000A2220E /* Main.storyboard in Resources */ = {isa = PBXBuildFile; fileRef = 3185E1B41B6E1BD000A2220E /* Main.storyboard */; };
		3185E1B81B6E1BD000A2220E /* Images.xcassets in Resources */ = {isa = PBXBuildFile; fileRef = 3185E1B71B6E1BD000A2220E /* Images.xcassets */; };
		3185E1BB1B6E1BD000A2220E /* LaunchScreen.xib in Resources */ = {isa = PBXBuildFile; fileRef = 3185E1B91B6E1BD000A2220E /* LaunchScreen.xib */; };
		3185E1C71B6E1BD000A2220E /* JSTwitterNavigationBarTests.m in Sources */ = {isa = PBXBuildFile; fileRef = 3185E1C61B6E1BD000A2220E /* JSTwitterNavigationBarTests.m */; };
		3185E1D51B6E31C900A2220E /* JSNavigationBar.m in Sources */ = {isa = PBXBuildFile; fileRef = 3185E1D41B6E31C900A2220E /* JSNavigationBar.m */; };
		3185E1D81B6EC5BD00A2220E /* bg_1.jpeg in Resources */ = {isa = PBXBuildFile; fileRef = 3185E1D71B6EC5BD00A2220E /* bg_1.jpeg */; };
/* End PBXBuildFile section */

/* Begin PBXContainerItemProxy section */
		3185E1C11B6E1BD000A2220E /* PBXContainerItemProxy */ = {
			isa = PBXContainerItemProxy;
			containerPortal = 3185E19C1B6E1BD000A2220E /* Project object */;
			proxyType = 1;
			remoteGlobalIDString = 3185E1A31B6E1BD000A2220E;
			remoteInfo = JSTwitterNavigationBar;
		};
/* End PBXContainerItemProxy section */

/* Begin PBXFileReference section */
		3185E1A41B6E1BD000A2220E /* JSTwitterNavigationBar.app */ = {isa = PBXFileReference; explicitFileType = wrapper.application; includeInIndex = 0; path = JSTwitterNavigationBar.app; sourceTree = BUILT_PRODUCTS_DIR; };
		3185E1A81B6E1BD000A2220E /* Info.plist */ = {isa = PBXFileReference; lastKnownFileType = text.plist.xml; path = Info.plist; sourceTree = "<group>"; };
		3185E1A91B6E1BD000A2220E /* main.m */ = {isa = PBXFileReference; lastKnownFileType = sourcecode.c.objc; path = main.m; sourceTree = "<group>"; };
		3185E1AB1B6E1BD000A2220E /* AppDelegate.h */ = {isa = PBXFileReference; lastKnownFileType = sourcecode.c.h; path = AppDelegate.h; sourceTree = "<group>"; };
		3185E1AC1B6E1BD000A2220E /* AppDelegate.m */ = {isa = PBXFileReference; lastKnownFileType = sourcecode.c.objc; path = AppDelegate.m; sourceTree = "<group>"; };
		3185E1AE1B6E1BD000A2220E /* MasterViewController.h */ = {isa = PBXFileReference; lastKnownFileType = sourcecode.c.h; path = MasterViewController.h; sourceTree = "<group>"; };
		3185E1AF1B6E1BD000A2220E /* MasterViewController.m */ = {isa = PBXFileReference; lastKnownFileType = sourcecode.c.objc; path = MasterViewController.m; sourceTree = "<group>"; };
		3185E1B51B6E1BD000A2220E /* Base */ = {isa = PBXFileReference; lastKnownFileType = file.storyboard; name = Base; path = Base.lproj/Main.storyboard; sourceTree = "<group>"; };
		3185E1B71B6E1BD000A2220E /* Images.xcassets */ = {isa = PBXFileReference; lastKnownFileType = folder.assetcatalog; path = Images.xcassets; sourceTree = "<group>"; };
		3185E1BA1B6E1BD000A2220E /* Base */ = {isa = PBXFileReference; lastKnownFileType = file.xib; name = Base; path = Base.lproj/LaunchScreen.xib; sourceTree = "<group>"; };
		3185E1C01B6E1BD000A2220E /* JSTwitterNavigationBarTests.xctest */ = {isa = PBXFileReference; explicitFileType = wrapper.cfbundle; includeInIndex = 0; path = JSTwitterNavigationBarTests.xctest; sourceTree = BUILT_PRODUCTS_DIR; };
		3185E1C51B6E1BD000A2220E /* Info.plist */ = {isa = PBXFileReference; lastKnownFileType = text.plist.xml; path = Info.plist; sourceTree = "<group>"; };
		3185E1C61B6E1BD000A2220E /* JSTwitterNavigationBarTests.m */ = {isa = PBXFileReference; lastKnownFileType = sourcecode.c.objc; path = JSTwitterNavigationBarTests.m; sourceTree = "<group>"; };
		3185E1D31B6E31C900A2220E /* JSNavigationBar.h */ = {isa = PBXFileReference; fileEncoding = 4; lastKnownFileType = sourcecode.c.h; path = JSNavigationBar.h; sourceTree = "<group>"; };
		3185E1D41B6E31C900A2220E /* JSNavigationBar.m */ = {isa = PBXFileReference; fileEncoding = 4; lastKnownFileType = sourcecode.c.objc; path = JSNavigationBar.m; sourceTree = "<group>"; };
		3185E1D71B6EC5BD00A2220E /* bg_1.jpeg */ = {isa = PBXFileReference; lastKnownFileType = image.jpeg; path = bg_1.jpeg; sourceTree = "<group>"; };
/* End PBXFileReference section */

/* Begin PBXFrameworksBuildPhase section */
		3185E1A11B6E1BD000A2220E /* Frameworks */ = {
			isa = PBXFrameworksBuildPhase;
			buildActionMask = 2147483647;
			files = (
			);
			runOnlyForDeploymentPostprocessing = 0;
		};
		3185E1BD1B6E1BD000A2220E /* Frameworks */ = {
			isa = PBXFrameworksBuildPhase;
			buildActionMask = 2147483647;
			files = (
			);
			runOnlyForDeploymentPostprocessing = 0;
		};
/* End PBXFrameworksBuildPhase section */

/* Begin PBXGroup section */
		3185E19B1B6E1BD000A2220E = {
			isa = PBXGroup;
			children = (
				3185E1A61B6E1BD000A2220E /* JSTwitterNavigationBar */,
				3185E1C31B6E1BD000A2220E /* JSTwitterNavigationBarTests */,
				3185E1A51B6E1BD000A2220E /* Products */,
			);
			sourceTree = "<group>";
		};
		3185E1A51B6E1BD000A2220E /* Products */ = {
			isa = PBXGroup;
			children = (
				3185E1A41B6E1BD000A2220E /* JSTwitterNavigationBar.app */,
				3185E1C01B6E1BD000A2220E /* JSTwitterNavigationBarTests.xctest */,
			);
			name = Products;
			sourceTree = "<group>";
		};
		3185E1A61B6E1BD000A2220E /* JSTwitterNavigationBar */ = {
			isa = PBXGroup;
			children = (
				3185E1D61B6EC5A900A2220E /* Example Images */,
				3185E1AB1B6E1BD000A2220E /* AppDelegate.h */,
				3185E1AC1B6E1BD000A2220E /* AppDelegate.m */,
				3185E1AE1B6E1BD000A2220E /* MasterViewController.h */,
				3185E1AF1B6E1BD000A2220E /* MasterViewController.m */,
				3185E1B41B6E1BD000A2220E /* Main.storyboard */,
				3185E1B71B6E1BD000A2220E /* Images.xcassets */,
				3185E1B91B6E1BD000A2220E /* LaunchScreen.xib */,
				3185E1A71B6E1BD000A2220E /* Supporting Files */,
				318903041B7018580077D8CE /* Source */,
			);
			path = JSTwitterNavigationBar;
			sourceTree = "<group>";
		};
		3185E1A71B6E1BD000A2220E /* Supporting Files */ = {
			isa = PBXGroup;
			children = (
				3185E1A81B6E1BD000A2220E /* Info.plist */,
				3185E1A91B6E1BD000A2220E /* main.m */,
			);
			name = "Supporting Files";
			sourceTree = "<group>";
		};
		3185E1C31B6E1BD000A2220E /* JSTwitterNavigationBarTests */ = {
			isa = PBXGroup;
			children = (
				3185E1C61B6E1BD000A2220E /* JSTwitterNavigationBarTests.m */,
				3185E1C41B6E1BD000A2220E /* Supporting Files */,
			);
			path = JSTwitterNavigationBarTests;
			sourceTree = "<group>";
		};
		3185E1C41B6E1BD000A2220E /* Supporting Files */ = {
			isa = PBXGroup;
			children = (
				3185E1C51B6E1BD000A2220E /* Info.plist */,
			);
			name = "Supporting Files";
			sourceTree = "<group>";
		};
		3185E1D61B6EC5A900A2220E /* Example Images */ = {
			isa = PBXGroup;
			children = (
				3185E1D71B6EC5BD00A2220E /* bg_1.jpeg */,
			);
			name = "Example Images";
			sourceTree = "<group>";
		};
		318903041B7018580077D8CE /* Source */ = {
			isa = PBXGroup;
			children = (
				3185E1D31B6E31C900A2220E /* JSNavigationBar.h */,
				3185E1D41B6E31C900A2220E /* JSNavigationBar.m */,
			);
			name = Source;
			sourceTree = "<group>";
		};
/* End PBXGroup section */

/* Begin PBXNativeTarget section */
		3185E1A31B6E1BD000A2220E /* JSTwitterNavigationBar */ = {
			isa = PBXNativeTarget;
			buildConfigurationList = 3185E1CA1B6E1BD000A2220E /* Build configuration list for PBXNativeTarget "JSTwitterNavigationBar" */;
			buildPhases = (
				3185E1A01B6E1BD000A2220E /* Sources */,
				3185E1A11B6E1BD000A2220E /* Frameworks */,
				3185E1A21B6E1BD000A2220E /* Resources */,
			);
			buildRules = (
			);
			dependencies = (
			);
			name = JSTwitterNavigationBar;
			productName = JSTwitterNavigationBar;
			productReference = 3185E1A41B6E1BD000A2220E /* JSTwitterNavigationBar.app */;
			productType = "com.apple.product-type.application";
		};
		3185E1BF1B6E1BD000A2220E /* JSTwitterNavigationBarTests */ = {
			isa = PBXNativeTarget;
			buildConfigurationList = 3185E1CD1B6E1BD000A2220E /* Build configuration list for PBXNativeTarget "JSTwitterNavigationBarTests" */;
			buildPhases = (
				3185E1BC1B6E1BD000A2220E /* Sources */,
				3185E1BD1B6E1BD000A2220E /* Frameworks */,
				3185E1BE1B6E1BD000A2220E /* Resources */,
			);
			buildRules = (
			);
			dependencies = (
				3185E1C21B6E1BD000A2220E /* PBXTargetDependency */,
			);
			name = JSTwitterNavigationBarTests;
			productName = JSTwitterNavigationBarTests;
			productReference = 3185E1C01B6E1BD000A2220E /* JSTwitterNavigationBarTests.xctest */;
			productType = "com.apple.product-type.bundle.unit-test";
		};
/* End PBXNativeTarget section */

/* Begin PBXProject section */
		3185E19C1B6E1BD000A2220E /* Project object */ = {
			isa = PBXProject;
			attributes = {
				LastUpgradeCheck = 0640;
				ORGANIZATIONNAME = "Jake Sieradzki";
				TargetAttributes = {
					3185E1A31B6E1BD000A2220E = {
						CreatedOnToolsVersion = 6.4;
					};
					3185E1BF1B6E1BD000A2220E = {
						CreatedOnToolsVersion = 6.4;
						TestTargetID = 3185E1A31B6E1BD000A2220E;
					};
				};
			};
			buildConfigurationList = 3185E19F1B6E1BD000A2220E /* Build configuration list for PBXProject "JSTwitterNavigationBar" */;
			compatibilityVersion = "Xcode 3.2";
			developmentRegion = English;
			hasScannedForEncodings = 0;
			knownRegions = (
				en,
				Base,
			);
			mainGroup = 3185E19B1B6E1BD000A2220E;
			productRefGroup = 3185E1A51B6E1BD000A2220E /* Products */;
			projectDirPath = "";
			projectRoot = "";
			targets = (
				3185E1A31B6E1BD000A2220E /* JSTwitterNavigationBar */,
				3185E1BF1B6E1BD000A2220E /* JSTwitterNavigationBarTests */,
			);
		};
/* End PBXProject section */

/* Begin PBXResourcesBuildPhase section */
		3185E1A21B6E1BD000A2220E /* Resources */ = {
			isa = PBXResourcesBuildPhase;
			buildActionMask = 2147483647;
			files = (
				3185E1D81B6EC5BD00A2220E /* bg_1.jpeg in Resources */,
				3185E1B61B6E1BD000A2220E /* Main.storyboard in Resources */,
				3185E1BB1B6E1BD000A2220E /* LaunchScreen.xib in Resources */,
				3185E1B81B6E1BD000A2220E /* Images.xcassets in Resources */,
			);
			runOnlyForDeploymentPostprocessing = 0;
		};
		3185E1BE1B6E1BD000A2220E /* Resources */ = {
			isa = PBXResourcesBuildPhase;
			buildActionMask = 2147483647;
			files = (
			);
			runOnlyForDeploymentPostprocessing = 0;
		};
/* End PBXResourcesBuildPhase section */

/* Begin PBXSourcesBuildPhase section */
		3185E1A01B6E1BD000A2220E /* Sources */ = {
			isa = PBXSourcesBuildPhase;
			buildActionMask = 2147483647;
			files = (
				3185E1AD1B6E1BD000A2220E /* AppDelegate.m in Sources */,
				3185E1B01B6E1BD000A2220E /* MasterViewController.m in Sources */,
				3185E1D51B6E31C900A2220E /* JSNavigationBar.m in Sources */,
				3185E1AA1B6E1BD000A2220E /* main.m in Sources */,
			);
			runOnlyForDeploymentPostprocessing = 0;
		};
		3185E1BC1B6E1BD000A2220E /* Sources */ = {
			isa = PBXSourcesBuildPhase;
			buildActionMask = 2147483647;
			files = (
				3185E1C71B6E1BD000A2220E /* JSTwitterNavigationBarTests.m in Sources */,
			);
			runOnlyForDeploymentPostprocessing = 0;
		};
/* End PBXSourcesBuildPhase section */

/* Begin PBXTargetDependency section */
		3185E1C21B6E1BD000A2220E /* PBXTargetDependency */ = {
			isa = PBXTargetDependency;
			target = 3185E1A31B6E1BD000A2220E /* JSTwitterNavigationBar */;
			targetProxy = 3185E1C11B6E1BD000A2220E /* PBXContainerItemProxy */;
		};
/* End PBXTargetDependency section */

/* Begin PBXVariantGroup section */
		3185E1B41B6E1BD000A2220E /* Main.storyboard */ = {
			isa = PBXVariantGroup;
			children = (
				3185E1B51B6E1BD000A2220E /* Base */,
			);
			name = Main.storyboard;
			sourceTree = "<group>";
		};
		3185E1B91B6E1BD000A2220E /* LaunchScreen.xib */ = {
			isa = PBXVariantGroup;
			children = (
				3185E1BA1B6E1BD000A2220E /* Base */,
			);
			name = LaunchScreen.xib;
			sourceTree = "<group>";
		};
/* End PBXVariantGroup section */

/* Begin XCBuildConfiguration section */
		3185E1C81B6E1BD000A2220E /* Debug */ = {
			isa = XCBuildConfiguration;
			buildSettings = {
				ALWAYS_SEARCH_USER_PATHS = NO;
				CLANG_CXX_LANGUAGE_STANDARD = "gnu++0x";
				CLANG_CXX_LIBRARY = "libc++";
				CLANG_ENABLE_MODULES = YES;
				CLANG_ENABLE_OBJC_ARC = YES;
				CLANG_WARN_BOOL_CONVERSION = YES;
				CLANG_WARN_CONSTANT_CONVERSION = YES;
				CLANG_WARN_DIRECT_OBJC_ISA_USAGE = YES_ERROR;
				CLANG_WARN_EMPTY_BODY = YES;
				CLANG_WARN_ENUM_CONVERSION = YES;
				CLANG_WARN_INT_CONVERSION = YES;
				CLANG_WARN_OBJC_ROOT_CLASS = YES_ERROR;
				CLANG_WARN_UNREACHABLE_CODE = YES;
				CLANG_WARN__DUPLICATE_METHOD_MATCH = YES;
				"CODE_SIGN_IDENTITY[sdk=iphoneos*]" = "iPhone Developer";
				COPY_PHASE_STRIP = NO;
				DEBUG_INFORMATION_FORMAT = "dwarf-with-dsym";
				ENABLE_STRICT_OBJC_MSGSEND = YES;
				GCC_C_LANGUAGE_STANDARD = gnu99;
				GCC_DYNAMIC_NO_PIC = NO;
				GCC_NO_COMMON_BLOCKS = YES;
				GCC_OPTIMIZATION_LEVEL = 0;
				GCC_PREPROCESSOR_DEFINITIONS = (
					"DEBUG=1",
					"$(inherited)",
				);
				GCC_SYMBOLS_PRIVATE_EXTERN = NO;
				GCC_WARN_64_TO_32_BIT_CONVERSION = YES;
				GCC_WARN_ABOUT_RETURN_TYPE = YES_ERROR;
				GCC_WARN_UNDECLARED_SELECTOR = YES;
				GCC_WARN_UNINITIALIZED_AUTOS = YES_AGGRESSIVE;
				GCC_WARN_UNUSED_FUNCTION = YES;
				GCC_WARN_UNUSED_VARIABLE = YES;
				IPHONEOS_DEPLOYMENT_TARGET = 8.4;
				MTL_ENABLE_DEBUG_INFO = YES;
				ONLY_ACTIVE_ARCH = YES;
				SDKROOT = iphoneos;
				TARGETED_DEVICE_FAMILY = "1,2";
			};
			name = Debug;
		};
		3185E1C91B6E1BD000A2220E /* Release */ = {
			isa = XCBuildConfiguration;
			buildSettings = {
				ALWAYS_SEARCH_USER_PATHS = NO;
				CLANG_CXX_LANGUAGE_STANDARD = "gnu++0x";
				CLANG_CXX_LIBRARY = "libc++";
				CLANG_ENABLE_MODULES = YES;
				CLANG_ENABLE_OBJC_ARC = YES;
				CLANG_WARN_BOOL_CONVERSION = YES;
				CLANG_WARN_CONSTANT_CONVERSION = YES;
				CLANG_WARN_DIRECT_OBJC_ISA_USAGE = YES_ERROR;
				CLANG_WARN_EMPTY_BODY = YES;
				CLANG_WARN_ENUM_CONVERSION = YES;
				CLANG_WARN_INT_CONVERSION = YES;
				CLANG_WARN_OBJC_ROOT_CLASS = YES_ERROR;
				CLANG_WARN_UNREACHABLE_CODE = YES;
				CLANG_WARN__DUPLICATE_METHOD_MATCH = YES;
				"CODE_SIGN_IDENTITY[sdk=iphoneos*]" = "iPhone Developer";
				COPY_PHASE_STRIP = NO;
				DEBUG_INFORMATION_FORMAT = "dwarf-with-dsym";
				ENABLE_NS_ASSERTIONS = NO;
				ENABLE_STRICT_OBJC_MSGSEND = YES;
				GCC_C_LANGUAGE_STANDARD = gnu99;
				GCC_NO_COMMON_BLOCKS = YES;
				GCC_WARN_64_TO_32_BIT_CONVERSION = YES;
				GCC_WARN_ABOUT_RETURN_TYPE = YES_ERROR;
				GCC_WARN_UNDECLARED_SELECTOR = YES;
				GCC_WARN_UNINITIALIZED_AUTOS = YES_AGGRESSIVE;
				GCC_WARN_UNUSED_FUNCTION = YES;
				GCC_WARN_UNUSED_VARIABLE = YES;
				IPHONEOS_DEPLOYMENT_TARGET = 8.4;
				MTL_ENABLE_DEBUG_INFO = NO;
				SDKROOT = iphoneos;
				TARGETED_DEVICE_FAMILY = "1,2";
				VALIDATE_PRODUCT = YES;
			};
			name = Release;
		};
		3185E1CB1B6E1BD000A2220E /* Debug */ = {
			isa = XCBuildConfiguration;
			buildSettings = {
				ASSETCATALOG_COMPILER_APPICON_NAME = AppIcon;
				INFOPLIST_FILE = JSTwitterNavigationBar/Info.plist;
				LD_RUNPATH_SEARCH_PATHS = "$(inherited) @executable_path/Frameworks";
				PRODUCT_NAME = "$(TARGET_NAME)";
			};
			name = Debug;
		};
		3185E1CC1B6E1BD000A2220E /* Release */ = {
			isa = XCBuildConfiguration;
			buildSettings = {
				ASSETCATALOG_COMPILER_APPICON_NAME = AppIcon;
				INFOPLIST_FILE = JSTwitterNavigationBar/Info.plist;
				LD_RUNPATH_SEARCH_PATHS = "$(inherited) @executable_path/Frameworks";
				PRODUCT_NAME = "$(TARGET_NAME)";
			};
			name = Release;
		};
		3185E1CE1B6E1BD000A2220E /* Debug */ = {
			isa = XCBuildConfiguration;
			buildSettings = {
				BUNDLE_LOADER = "$(TEST_HOST)";
				FRAMEWORK_SEARCH_PATHS = (
					"$(SDKROOT)/Developer/Library/Frameworks",
					"$(inherited)",
				);
				GCC_PREPROCESSOR_DEFINITIONS = (
					"DEBUG=1",
					"$(inherited)",
				);
				INFOPLIST_FILE = JSTwitterNavigationBarTests/Info.plist;
				LD_RUNPATH_SEARCH_PATHS = "$(inherited) @executable_path/Frameworks @loader_path/Frameworks";
				PRODUCT_NAME = "$(TARGET_NAME)";
				TEST_HOST = "$(BUILT_PRODUCTS_DIR)/JSTwitterNavigationBar.app/JSTwitterNavigationBar";
			};
			name = Debug;
		};
		3185E1CF1B6E1BD000A2220E /* Release */ = {
			isa = XCBuildConfiguration;
			buildSettings = {
				BUNDLE_LOADER = "$(TEST_HOST)";
				FRAMEWORK_SEARCH_PATHS = (
					"$(SDKROOT)/Developer/Library/Frameworks",
					"$(inherited)",
				);
				INFOPLIST_FILE = JSTwitterNavigationBarTests/Info.plist;
				LD_RUNPATH_SEARCH_PATHS = "$(inherited) @executable_path/Frameworks @loader_path/Frameworks";
				PRODUCT_NAME = "$(TARGET_NAME)";
				TEST_HOST = "$(BUILT_PRODUCTS_DIR)/JSTwitterNavigationBar.app/JSTwitterNavigationBar";
			};
			name = Release;
		};
/* End XCBuildConfiguration section */

/* Begin XCConfigurationList section */
		3185E19F1B6E1BD000A2220E /* Build configuration list for PBXProject "JSTwitterNavigationBar" */ = {
			isa = XCConfigurationList;
			buildConfigurations = (
				3185E1C81B6E1BD000A2220E /* Debug */,
				3185E1C91B6E1BD000A2220E /* Release */,
			);
			defaultConfigurationIsVisible = 0;
			defaultConfigurationName = Release;
		};
		3185E1CA1B6E1BD000A2220E /* Build configuration list for PBXNativeTarget "JSTwitterNavigationBar" */ = {
			isa = XCConfigurationList;
			buildConfigurations = (
				3185E1CB1B6E1BD000A2220E /* Debug */,
				3185E1CC1B6E1BD000A2220E /* Release */,
			);
			defaultConfigurationIsVisible = 0;
			defaultConfigurationName = Release;
		};
		3185E1CD1B6E1BD000A2220E /* Build configuration list for PBXNativeTarget "JSTwitterNavigationBarTests" */ = {
			isa = XCConfigurationList;
			buildConfigurations = (
				3185E1CE1B6E1BD000A2220E /* Debug */,
				3185E1CF1B6E1BD000A2220E /* Release */,
			);
			defaultConfigurationIsVisible = 0;
			defaultConfigurationName = Release;
		};
/* End XCConfigurationList section */
	};
	rootObject = 3185E19C1B6E1BD000A2220E /* Project object */;
}
